
Microsoft Visual Studio Solution File, Format Version 12.00
# Visual Studio Version 17
VisualStudioVersion = 17.1.31911.260
MinimumVisualStudioVersion = 10.0.40219.1
Project("{2150E333-8FDC-42A3-9474-1A3956D46DE8}") = "src", "src", "{D9F32C61-E4A9-4F6C-AD35-EDB7D941CF44}"
EndProject
Project("{2150E333-8FDC-42A3-9474-1A3956D46DE8}") = "samples", "samples", "{500F5E07-51E6-47EA-8235-0E375FB2B8C5}"
EndProject
Project("{9A19103F-16F7-4668-BE54-9A1E7A4F7556}") = "SignalR.Proximity.Common", "src\SignalR.Proximity.Common\SignalR.Proximity.Common.csproj", "{3F9EB13D-007B-4465-8CF4-8FD3AB8BFE47}"
EndProject
Project("{9A19103F-16F7-4668-BE54-9A1E7A4F7556}") = "SignalR.Proximity.Client", "src\SignalR.Proximity.Client\SignalR.Proximity.Client.csproj", "{79F2729A-3ECD-404B-9B1D-A4AE2F408421}"
EndProject
Project("{9A19103F-16F7-4668-BE54-9A1E7A4F7556}") = "SignalR.Proximity.Notifier", "src\SignalR.Proximity.Notifier\SignalR.Proximity.Notifier.csproj", "{EBEEE015-621F-424E-907B-6A0A2054A2E5}"
EndProject
Project("{2150E333-8FDC-42A3-9474-1A3956D46DE8}") = "Net.Wpf", "Net.Wpf", "{F0C44466-D92D-483A-81FB-7A51C0A214BD}"
EndProject
Project("{2150E333-8FDC-42A3-9474-1A3956D46DE8}") = "NetCore.WebApp", "NetCore.WebApp", "{F8FFF2E4-6C59-486D-9911-74604CA85DAF}"
EndProject
Project("{2150E333-8FDC-42A3-9474-1A3956D46DE8}") = "NetCore.WPF", "NetCore.WPF", "{3AB91984-88F6-4B13-B1D3-557897F244A6}"
EndProject
Project("{FAE04EC0-301F-11D3-BF4B-00C04F79EFBC}") = "Samples.SignalR.Proximity.Client.Wpf", "sample\Net.Wpf\Samples.SignalR.Proximity.Client.Wpf\Samples.SignalR.Proximity.Client.Wpf.csproj", "{6FD25EA5-A591-402E-9CD0-FBA5CC1325F7}"
EndProject
Project("{FAE04EC0-301F-11D3-BF4B-00C04F79EFBC}") = "Samples.SignalR.Proximity.Notifier.Wpf", "sample\Net.Wpf\Samples.SignalR.Proximity.Notifier.Wpf\Samples.SignalR.Proximity.Notifier.Wpf.csproj", "{86E0A823-2035-4ABD-A472-5A04D7D66105}"
EndProject
Project("{9A19103F-16F7-4668-BE54-9A1E7A4F7556}") = "SignalR.Proximity.Hubs", "sample\SignalR.Proximity.Hubs\SignalR.Proximity.Hubs.csproj", "{AED5FBBB-27ED-4E06-92EE-9ABBBA16835A}"
EndProject
Project("{9A19103F-16F7-4668-BE54-9A1E7A4F7556}") = "SignalR.Proximity.Hosting", "src\SignalR.Proximity.Hosting\SignalR.Proximity.Hosting.csproj", "{B1B65E1D-A17A-4A83-AC09-9ED09BFC4DD5}"
EndProject
Project("{9A19103F-16F7-4668-BE54-9A1E7A4F7556}") = "SignalR.Proximity", "src\SignalR.Proximity\SignalR.Proximity.csproj", "{29335B45-4C6F-4ABF-8CE1-DD33CA488EA5}"
EndProject
Global
	GlobalSection(SolutionConfigurationPlatforms) = preSolution
		Debug|Any CPU = Debug|Any CPU
		Release|Any CPU = Release|Any CPU
	EndGlobalSection
	GlobalSection(ProjectConfigurationPlatforms) = postSolution
		{3F9EB13D-007B-4465-8CF4-8FD3AB8BFE47}.Debug|Any CPU.ActiveCfg = Debug|Any CPU
		{3F9EB13D-007B-4465-8CF4-8FD3AB8BFE47}.Debug|Any CPU.Build.0 = Debug|Any CPU
		{3F9EB13D-007B-4465-8CF4-8FD3AB8BFE47}.Release|Any CPU.ActiveCfg = Release|Any CPU
		{3F9EB13D-007B-4465-8CF4-8FD3AB8BFE47}.Release|Any CPU.Build.0 = Release|Any CPU
		{79F2729A-3ECD-404B-9B1D-A4AE2F408421}.Debug|Any CPU.ActiveCfg = Debug|Any CPU
		{79F2729A-3ECD-404B-9B1D-A4AE2F408421}.Debug|Any CPU.Build.0 = Debug|Any CPU
		{79F2729A-3ECD-404B-9B1D-A4AE2F408421}.Release|Any CPU.ActiveCfg = Release|Any CPU
		{79F2729A-3ECD-404B-9B1D-A4AE2F408421}.Release|Any CPU.Build.0 = Release|Any CPU
		{EBEEE015-621F-424E-907B-6A0A2054A2E5}.Debug|Any CPU.ActiveCfg = Debug|Any CPU
		{EBEEE015-621F-424E-907B-6A0A2054A2E5}.Debug|Any CPU.Build.0 = Debug|Any CPU
		{EBEEE015-621F-424E-907B-6A0A2054A2E5}.Release|Any CPU.ActiveCfg = Release|Any CPU
		{EBEEE015-621F-424E-907B-6A0A2054A2E5}.Release|Any CPU.Build.0 = Release|Any CPU
		{6FD25EA5-A591-402E-9CD0-FBA5CC1325F7}.Debug|Any CPU.ActiveCfg = Debug|Any CPU
		{6FD25EA5-A591-402E-9CD0-FBA5CC1325F7}.Debug|Any CPU.Build.0 = Debug|Any CPU
		{6FD25EA5-A591-402E-9CD0-FBA5CC1325F7}.Release|Any CPU.ActiveCfg = Release|Any CPU
		{6FD25EA5-A591-402E-9CD0-FBA5CC1325F7}.Release|Any CPU.Build.0 = Release|Any CPU
		{86E0A823-2035-4ABD-A472-5A04D7D66105}.Debug|Any CPU.ActiveCfg = Debug|Any CPU
		{86E0A823-2035-4ABD-A472-5A04D7D66105}.Debug|Any CPU.Build.0 = Debug|Any CPU
		{86E0A823-2035-4ABD-A472-5A04D7D66105}.Release|Any CPU.ActiveCfg = Release|Any CPU
		{86E0A823-2035-4ABD-A472-5A04D7D66105}.Release|Any CPU.Build.0 = Release|Any CPU
		{AED5FBBB-27ED-4E06-92EE-9ABBBA16835A}.Debug|Any CPU.ActiveCfg = Debug|Any CPU
		{AED5FBBB-27ED-4E06-92EE-9ABBBA16835A}.Debug|Any CPU.Build.0 = Debug|Any CPU
		{AED5FBBB-27ED-4E06-92EE-9ABBBA16835A}.Release|Any CPU.ActiveCfg = Release|Any CPU
		{AED5FBBB-27ED-4E06-92EE-9ABBBA16835A}.Release|Any CPU.Build.0 = Release|Any CPU
		{B1B65E1D-A17A-4A83-AC09-9ED09BFC4DD5}.Debug|Any CPU.ActiveCfg = Debug|Any CPU
		{B1B65E1D-A17A-4A83-AC09-9ED09BFC4DD5}.Debug|Any CPU.Build.0 = Debug|Any CPU
		{B1B65E1D-A17A-4A83-AC09-9ED09BFC4DD5}.Release|Any CPU.ActiveCfg = Release|Any CPU
		{B1B65E1D-A17A-4A83-AC09-9ED09BFC4DD5}.Release|Any CPU.Build.0 = Release|Any CPU
		{29335B45-4C6F-4ABF-8CE1-DD33CA488EA5}.Debug|Any CPU.ActiveCfg = Debug|Any CPU
		{29335B45-4C6F-4ABF-8CE1-DD33CA488EA5}.Debug|Any CPU.Build.0 = Debug|Any CPU
		{29335B45-4C6F-4ABF-8CE1-DD33CA488EA5}.Release|Any CPU.ActiveCfg = Release|Any CPU
		{29335B45-4C6F-4ABF-8CE1-DD33CA488EA5}.Release|Any CPU.Build.0 = Release|Any CPU
	EndGlobalSection
	GlobalSection(SolutionProperties) = preSolution
		HideSolutionNode = FALSE
	EndGlobalSection
	GlobalSection(NestedProjects) = preSolution
		{3F9EB13D-007B-4465-8CF4-8FD3AB8BFE47} = {D9F32C61-E4A9-4F6C-AD35-EDB7D941CF44}
		{79F2729A-3ECD-404B-9B1D-A4AE2F408421} = {D9F32C61-E4A9-4F6C-AD35-EDB7D941CF44}
		{EBEEE015-621F-424E-907B-6A0A2054A2E5} = {D9F32C61-E4A9-4F6C-AD35-EDB7D941CF44}
		{F0C44466-D92D-483A-81FB-7A51C0A214BD} = {500F5E07-51E6-47EA-8235-0E375FB2B8C5}
		{F8FFF2E4-6C59-486D-9911-74604CA85DAF} = {500F5E07-51E6-47EA-8235-0E375FB2B8C5}
		{3AB91984-88F6-4B13-B1D3-557897F244A6} = {500F5E07-51E6-47EA-8235-0E375FB2B8C5}
		{6FD25EA5-A591-402E-9CD0-FBA5CC1325F7} = {F0C44466-D92D-483A-81FB-7A51C0A214BD}
		{86E0A823-2035-4ABD-A472-5A04D7D66105} = {F0C44466-D92D-483A-81FB-7A51C0A214BD}
		{AED5FBBB-27ED-4E06-92EE-9ABBBA16835A} = {500F5E07-51E6-47EA-8235-0E375FB2B8C5}
		{B1B65E1D-A17A-4A83-AC09-9ED09BFC4DD5} = {D9F32C61-E4A9-4F6C-AD35-EDB7D941CF44}
		{29335B45-4C6F-4ABF-8CE1-DD33CA488EA5} = {D9F32C61-E4A9-4F6C-AD35-EDB7D941CF44}
	EndGlobalSection
	GlobalSection(ExtensibilityGlobals) = postSolution
		SolutionGuid = {2EFECE82-2320-4B9D-A2B5-1CDFC7773AF1}
	EndGlobalSection
EndGlobal
