
Microsoft Visual Studio Solution File, Format Version 12.00
# Visual Studio Version 17
VisualStudioVersion = 17.1.31911.260
MinimumVisualStudioVersion = 10.0.40219.1
Project("{2150E333-8FDC-42A3-9474-1A3956D46DE8}") = "src", "src", "{D9F32C61-E4A9-4F6C-AD35-EDB7D941CF44}"
EndProject
Project("{2150E333-8FDC-42A3-9474-1A3956D46DE8}") = "samples", "samples", "{500F5E07-51E6-47EA-8235-0E375FB2B8C5}"
EndProject
Project("{2150E333-8FDC-42A3-9474-1A3956D46DE8}") = "Wpf", "Wpf", "{F0C44466-D92D-483A-81FB-7A51C0A214BD}"
EndProject
Project("{9A19103F-16F7-4668-BE54-9A1E7A4F7556}") = "SignalR.Proximity.Hosting", "src\SignalR.Proximity.Hosting\SignalR.Proximity.Hosting.csproj", "{B1B65E1D-A17A-4A83-AC09-9ED09BFC4DD5}"
EndProject
Project("{9A19103F-16F7-4668-BE54-9A1E7A4F7556}") = "SignalR.Proximity", "src\SignalR.Proximity\SignalR.Proximity.csproj", "{29335B45-4C6F-4ABF-8CE1-DD33CA488EA5}"
EndProject
Project("{9A19103F-16F7-4668-BE54-9A1E7A4F7556}") = "Samples.SignalR.Proximity.Contracs", "sample\Net.Wpf\Samples.SignalR.Proximity.Contracs\Samples.SignalR.Proximity.Contracs.csproj", "{F24E09D5-E86E-4A8C-8E69-65D7934365A8}"
EndProject
Project("{9A19103F-16F7-4668-BE54-9A1E7A4F7556}") = "Samples.SignalR.Proximity.Professor.Wpf", "sample\Net.Wpf\Samples.SignalR.Proximity.Professor.Wpf\Samples.SignalR.Proximity.Professor.Wpf.csproj", "{6FD25EA5-A591-402E-9CD0-FBA5CC1325F7}"
EndProject
Project("{9A19103F-16F7-4668-BE54-9A1E7A4F7556}") = "Samples.SignalR.Proximity.Student.Wpf", "sample\Net.Wpf\Samples.NotifyR.Proximity.Student.Wpf\Samples.SignalR.Proximity.Student.Wpf.csproj", "{86E0A823-2035-4ABD-A472-5A04D7D66105}"
EndProject
Project("{9A19103F-16F7-4668-BE54-9A1E7A4F7556}") = "SignalR.Proximity.Core", "src\SignalR.Proximity.Core\SignalR.Proximity.Core.csproj", "{0C464DC8-B849-47BC-9BA8-478EA92E4A22}"
EndProject
Project("{9A19103F-16F7-4668-BE54-9A1E7A4F7556}") = "Samples.Host", "sample\Samples.Host\Samples.Host.csproj", "{6BA82DF7-D227-47A4-B488-42043578B842}"
EndProject
Global
	GlobalSection(SolutionConfigurationPlatforms) = preSolution
		Debug|Any CPU = Debug|Any CPU
		Release|Any CPU = Release|Any CPU
	EndGlobalSection
	GlobalSection(ProjectConfigurationPlatforms) = postSolution
		{B1B65E1D-A17A-4A83-AC09-9ED09BFC4DD5}.Debug|Any CPU.ActiveCfg = Debug|Any CPU
		{B1B65E1D-A17A-4A83-AC09-9ED09BFC4DD5}.Debug|Any CPU.Build.0 = Debug|Any CPU
		{B1B65E1D-A17A-4A83-AC09-9ED09BFC4DD5}.Release|Any CPU.ActiveCfg = Release|Any CPU
		{B1B65E1D-A17A-4A83-AC09-9ED09BFC4DD5}.Release|Any CPU.Build.0 = Release|Any CPU
		{29335B45-4C6F-4ABF-8CE1-DD33CA488EA5}.Debug|Any CPU.ActiveCfg = Debug|Any CPU
		{29335B45-4C6F-4ABF-8CE1-DD33CA488EA5}.Debug|Any CPU.Build.0 = Debug|Any CPU
		{29335B45-4C6F-4ABF-8CE1-DD33CA488EA5}.Release|Any CPU.ActiveCfg = Release|Any CPU
		{29335B45-4C6F-4ABF-8CE1-DD33CA488EA5}.Release|Any CPU.Build.0 = Release|Any CPU
		{F24E09D5-E86E-4A8C-8E69-65D7934365A8}.Debug|Any CPU.ActiveCfg = Debug|Any CPU
		{F24E09D5-E86E-4A8C-8E69-65D7934365A8}.Debug|Any CPU.Build.0 = Debug|Any CPU
		{F24E09D5-E86E-4A8C-8E69-65D7934365A8}.Release|Any CPU.ActiveCfg = Release|Any CPU
		{F24E09D5-E86E-4A8C-8E69-65D7934365A8}.Release|Any CPU.Build.0 = Release|Any CPU
		{6FD25EA5-A591-402E-9CD0-FBA5CC1325F7}.Debug|Any CPU.ActiveCfg = Debug|Any CPU
		{6FD25EA5-A591-402E-9CD0-FBA5CC1325F7}.Debug|Any CPU.Build.0 = Debug|Any CPU
		{6FD25EA5-A591-402E-9CD0-FBA5CC1325F7}.Release|Any CPU.ActiveCfg = Release|Any CPU
		{6FD25EA5-A591-402E-9CD0-FBA5CC1325F7}.Release|Any CPU.Build.0 = Release|Any CPU
		{86E0A823-2035-4ABD-A472-5A04D7D66105}.Debug|Any CPU.ActiveCfg = Debug|Any CPU
		{86E0A823-2035-4ABD-A472-5A04D7D66105}.Debug|Any CPU.Build.0 = Debug|Any CPU
		{86E0A823-2035-4ABD-A472-5A04D7D66105}.Release|Any CPU.ActiveCfg = Release|Any CPU
		{86E0A823-2035-4ABD-A472-5A04D7D66105}.Release|Any CPU.Build.0 = Release|Any CPU
		{0C464DC8-B849-47BC-9BA8-478EA92E4A22}.Debug|Any CPU.ActiveCfg = Debug|Any CPU
		{0C464DC8-B849-47BC-9BA8-478EA92E4A22}.Debug|Any CPU.Build.0 = Debug|Any CPU
		{0C464DC8-B849-47BC-9BA8-478EA92E4A22}.Release|Any CPU.ActiveCfg = Release|Any CPU
		{0C464DC8-B849-47BC-9BA8-478EA92E4A22}.Release|Any CPU.Build.0 = Release|Any CPU
		{6BA82DF7-D227-47A4-B488-42043578B842}.Debug|Any CPU.ActiveCfg = Debug|Any CPU
		{6BA82DF7-D227-47A4-B488-42043578B842}.Debug|Any CPU.Build.0 = Debug|Any CPU
		{6BA82DF7-D227-47A4-B488-42043578B842}.Release|Any CPU.ActiveCfg = Release|Any CPU
		{6BA82DF7-D227-47A4-B488-42043578B842}.Release|Any CPU.Build.0 = Release|Any CPU
	EndGlobalSection
	GlobalSection(SolutionProperties) = preSolution
		HideSolutionNode = FALSE
	EndGlobalSection
	GlobalSection(NestedProjects) = preSolution
		{F0C44466-D92D-483A-81FB-7A51C0A214BD} = {500F5E07-51E6-47EA-8235-0E375FB2B8C5}
		{F24E09D5-E86E-4A8C-8E69-65D7934365A8} = {500F5E07-51E6-47EA-8235-0E375FB2B8C5}
		{6FD25EA5-A591-402E-9CD0-FBA5CC1325F7} = {F0C44466-D92D-483A-81FB-7A51C0A214BD}
		{86E0A823-2035-4ABD-A472-5A04D7D66105} = {F0C44466-D92D-483A-81FB-7A51C0A214BD}
		{6BA82DF7-D227-47A4-B488-42043578B842} = {500F5E07-51E6-47EA-8235-0E375FB2B8C5}
	EndGlobalSection
	GlobalSection(ExtensibilityGlobals) = postSolution
		SolutionGuid = {58E714EB-7806-43F6-BE6A-8BDD1A9DA5CF}
	EndGlobalSection
EndGlobal
